
Microsoft Visual Studio Solution File, Format Version 12.00
# Visual Studio Version 17
VisualStudioVersion = 17.2.32630.192
MinimumVisualStudioVersion = 10.0.40219.1
Project("{9A19103F-16F7-4668-BE54-9A1E7A4F7556}") = "UrlShort", "UrlShort\UrlShort.csproj", "{D85C98D6-B1AD-4F00-A933-A90D5B9D643F}"
EndProject
Global
	GlobalSection(SolutionConfigurationPlatforms) = preSolution
		Debug|Any CPU = Debug|Any CPU
		Release|Any CPU = Release|Any CPU
	EndGlobalSection
	GlobalSection(ProjectConfigurationPlatforms) = postSolution
		{D85C98D6-B1AD-4F00-A933-A90D5B9D643F}.Debug|Any CPU.ActiveCfg = Debug|Any CPU
		{D85C98D6-B1AD-4F00-A933-A90D5B9D643F}.Debug|Any CPU.Build.0 = Debug|Any CPU
		{D85C98D6-B1AD-4F00-A933-A90D5B9D643F}.Release|Any CPU.ActiveCfg = Release|Any CPU
		{D85C98D6-B1AD-4F00-A933-A90D5B9D643F}.Release|Any CPU.Build.0 = Release|Any CPU
	EndGlobalSection
	GlobalSection(SolutionProperties) = preSolution
		HideSolutionNode = FALSE
	EndGlobalSection
	GlobalSection(ExtensibilityGlobals) = postSolution
		SolutionGuid = {82620E8C-398A-4D46-ADFE-0316F64FDDC5}
	EndGlobalSection
EndGlobal
